
Microsoft Visual Studio Solution File, Format Version 12.00
# Visual Studio 15
VisualStudioVersion = 15.0.26228.9
MinimumVisualStudioVersion = 10.0.40219.1
Project("{9A19103F-16F7-4668-BE54-9A1E7A4F7556}") = "dde-web", "src\dde-web\dde-web.csproj", "{C7D3C97C-4409-4666-B187-40A252B10CD0}"
EndProject
Project("{9A19103F-16F7-4668-BE54-9A1E7A4F7556}") = "dde-bl", "src\dde-bl\dde-bl.csproj", "{D14791FD-BD34-4D32-A386-ECBB88C3A18C}"
EndProject
Project("{E53339B2-1760-4266-BCC7-CA923CBCF16C}") = "docker-compose", "docker-compose.dcproj", "{1F852620-5DE9-4CBB-9391-AAE7F3AF583F}"
EndProject
Project("{9A19103F-16F7-4668-BE54-9A1E7A4F7556}") = "dde-api", "src\dde-api\dde-api.csproj", "{420E31A6-A631-4E9F-BBFC-2EBD3BA453F6}"
EndProject
Global
	GlobalSection(SolutionConfigurationPlatforms) = preSolution
		Debug|Any CPU = Debug|Any CPU
		Release|Any CPU = Release|Any CPU
	EndGlobalSection
	GlobalSection(ProjectConfigurationPlatforms) = postSolution
		{C7D3C97C-4409-4666-B187-40A252B10CD0}.Debug|Any CPU.ActiveCfg = Debug|Any CPU
		{C7D3C97C-4409-4666-B187-40A252B10CD0}.Debug|Any CPU.Build.0 = Debug|Any CPU
		{C7D3C97C-4409-4666-B187-40A252B10CD0}.Release|Any CPU.ActiveCfg = Release|Any CPU
		{C7D3C97C-4409-4666-B187-40A252B10CD0}.Release|Any CPU.Build.0 = Release|Any CPU
		{D14791FD-BD34-4D32-A386-ECBB88C3A18C}.Debug|Any CPU.ActiveCfg = Debug|Any CPU
		{D14791FD-BD34-4D32-A386-ECBB88C3A18C}.Debug|Any CPU.Build.0 = Debug|Any CPU
		{D14791FD-BD34-4D32-A386-ECBB88C3A18C}.Release|Any CPU.ActiveCfg = Release|Any CPU
		{D14791FD-BD34-4D32-A386-ECBB88C3A18C}.Release|Any CPU.Build.0 = Release|Any CPU
		{1F852620-5DE9-4CBB-9391-AAE7F3AF583F}.Debug|Any CPU.ActiveCfg = Debug|Any CPU
		{1F852620-5DE9-4CBB-9391-AAE7F3AF583F}.Debug|Any CPU.Build.0 = Debug|Any CPU
		{1F852620-5DE9-4CBB-9391-AAE7F3AF583F}.Release|Any CPU.ActiveCfg = Release|Any CPU
		{1F852620-5DE9-4CBB-9391-AAE7F3AF583F}.Release|Any CPU.Build.0 = Release|Any CPU
		{420E31A6-A631-4E9F-BBFC-2EBD3BA453F6}.Debug|Any CPU.ActiveCfg = Debug|Any CPU
		{420E31A6-A631-4E9F-BBFC-2EBD3BA453F6}.Debug|Any CPU.Build.0 = Debug|Any CPU
		{420E31A6-A631-4E9F-BBFC-2EBD3BA453F6}.Release|Any CPU.ActiveCfg = Release|Any CPU
		{420E31A6-A631-4E9F-BBFC-2EBD3BA453F6}.Release|Any CPU.Build.0 = Release|Any CPU
	EndGlobalSection
	GlobalSection(SolutionProperties) = preSolution
		HideSolutionNode = FALSE
	EndGlobalSection
EndGlobal
